
Microsoft Visual Studio Solution File, Format Version 12.00
# Visual Studio 15
VisualStudioVersion = 15.0.28307.705
MinimumVisualStudioVersion = 10.0.40219.1
Project("{FAE04EC0-301F-11D3-BF4B-00C04F79EFBC}") = "WrightWayRestaurant.Web", "WrightWayRestaurant.Web\WrightWayRestaurant.Web.csproj", "{C2EACDAC-04F4-4D2B-91EB-354CE9015E95}"
EndProject
Project("{FAE04EC0-301F-11D3-BF4B-00C04F79EFBC}") = "WrightWayRestaurant.Framework", "WrightWayRestaurant.Framework\WrightWayRestaurant.Framework.csproj", "{B08733CC-2DF5-40F0-BAC3-78312C741AA5}"
EndProject
Project("{FAE04EC0-301F-11D3-BF4B-00C04F79EFBC}") = "WrightWayRestaurant.Model", "WrightWayRestaurant.Model\WrightWayRestaurant.Model.csproj", "{08D25651-A9FA-4D84-BF51-3E253957DCD6}"
EndProject
Project("{FAE04EC0-301F-11D3-BF4B-00C04F79EFBC}") = "WrightWayRestaurant.Services", "WrightWayRestaurant.Services\WrightWayRestaurant.Services.csproj", "{D22F6F5E-3B6F-4122-85F0-21F79CC338AF}"
EndProject
Global
	GlobalSection(SolutionConfigurationPlatforms) = preSolution
		Debug|Any CPU = Debug|Any CPU
		Release|Any CPU = Release|Any CPU
	EndGlobalSection
	GlobalSection(ProjectConfigurationPlatforms) = postSolution
		{C2EACDAC-04F4-4D2B-91EB-354CE9015E95}.Debug|Any CPU.ActiveCfg = Debug|Any CPU
		{C2EACDAC-04F4-4D2B-91EB-354CE9015E95}.Debug|Any CPU.Build.0 = Debug|Any CPU
		{C2EACDAC-04F4-4D2B-91EB-354CE9015E95}.Release|Any CPU.ActiveCfg = Release|Any CPU
		{C2EACDAC-04F4-4D2B-91EB-354CE9015E95}.Release|Any CPU.Build.0 = Release|Any CPU
		{B08733CC-2DF5-40F0-BAC3-78312C741AA5}.Debug|Any CPU.ActiveCfg = Debug|Any CPU
		{B08733CC-2DF5-40F0-BAC3-78312C741AA5}.Debug|Any CPU.Build.0 = Debug|Any CPU
		{B08733CC-2DF5-40F0-BAC3-78312C741AA5}.Release|Any CPU.ActiveCfg = Release|Any CPU
		{B08733CC-2DF5-40F0-BAC3-78312C741AA5}.Release|Any CPU.Build.0 = Release|Any CPU
		{08D25651-A9FA-4D84-BF51-3E253957DCD6}.Debug|Any CPU.ActiveCfg = Debug|Any CPU
		{08D25651-A9FA-4D84-BF51-3E253957DCD6}.Debug|Any CPU.Build.0 = Debug|Any CPU
		{08D25651-A9FA-4D84-BF51-3E253957DCD6}.Release|Any CPU.ActiveCfg = Release|Any CPU
		{08D25651-A9FA-4D84-BF51-3E253957DCD6}.Release|Any CPU.Build.0 = Release|Any CPU
		{D22F6F5E-3B6F-4122-85F0-21F79CC338AF}.Debug|Any CPU.ActiveCfg = Debug|Any CPU
		{D22F6F5E-3B6F-4122-85F0-21F79CC338AF}.Debug|Any CPU.Build.0 = Debug|Any CPU
		{D22F6F5E-3B6F-4122-85F0-21F79CC338AF}.Release|Any CPU.ActiveCfg = Release|Any CPU
		{D22F6F5E-3B6F-4122-85F0-21F79CC338AF}.Release|Any CPU.Build.0 = Release|Any CPU
	EndGlobalSection
	GlobalSection(SolutionProperties) = preSolution
		HideSolutionNode = FALSE
	EndGlobalSection
	GlobalSection(ExtensibilityGlobals) = postSolution
		SolutionGuid = {35BEE919-1613-477E-AAE5-6D32759690DF}
	EndGlobalSection
EndGlobal
